
Microsoft Visual Studio Solution File, Format Version 12.00
# Visual Studio Version 17
VisualStudioVersion = 17.5.33424.131
MinimumVisualStudioVersion = 10.0.40219.1
Project("{FAE04EC0-301F-11D3-BF4B-00C04F79EFBC}") = "Domain", "Domain\Domain.csproj", "{B8028D07-8293-4D30-81DA-95CECDB944B3}"
EndProject
Project("{FAE04EC0-301F-11D3-BF4B-00C04F79EFBC}") = "Application", "Application\Application.csproj", "{A8BA3491-DD34-49A9-A3EF-47FAF25D7CE6}"
EndProject
Project("{FAE04EC0-301F-11D3-BF4B-00C04F79EFBC}") = "Infra.Data", "Infra.Data\Infra.Data.csproj", "{F33D4243-57CF-4F3B-BA66-A0AE0E7070B1}"
EndProject
Project("{FAE04EC0-301F-11D3-BF4B-00C04F79EFBC}") = "Infra.DependencyInjection", "Infra.DependencyInjection\Infra.DependencyInjection.csproj", "{A311BAB1-A99F-42BD-A15E-297B74F320CE}"
EndProject
Project("{FAE04EC0-301F-11D3-BF4B-00C04F79EFBC}") = "WebUI", "WebUI\WebUI.csproj", "{D3C9EE0D-4E78-463D-8A46-9AFA9B5FAEBA}"
EndProject
Global
	GlobalSection(SolutionConfigurationPlatforms) = preSolution
		Debug|Any CPU = Debug|Any CPU
		Release|Any CPU = Release|Any CPU
	EndGlobalSection
	GlobalSection(ProjectConfigurationPlatforms) = postSolution
		{B8028D07-8293-4D30-81DA-95CECDB944B3}.Debug|Any CPU.ActiveCfg = Debug|Any CPU
		{B8028D07-8293-4D30-81DA-95CECDB944B3}.Debug|Any CPU.Build.0 = Debug|Any CPU
		{B8028D07-8293-4D30-81DA-95CECDB944B3}.Release|Any CPU.ActiveCfg = Release|Any CPU
		{B8028D07-8293-4D30-81DA-95CECDB944B3}.Release|Any CPU.Build.0 = Release|Any CPU
		{A8BA3491-DD34-49A9-A3EF-47FAF25D7CE6}.Debug|Any CPU.ActiveCfg = Debug|Any CPU
		{A8BA3491-DD34-49A9-A3EF-47FAF25D7CE6}.Debug|Any CPU.Build.0 = Debug|Any CPU
		{A8BA3491-DD34-49A9-A3EF-47FAF25D7CE6}.Release|Any CPU.ActiveCfg = Release|Any CPU
		{A8BA3491-DD34-49A9-A3EF-47FAF25D7CE6}.Release|Any CPU.Build.0 = Release|Any CPU
		{F33D4243-57CF-4F3B-BA66-A0AE0E7070B1}.Debug|Any CPU.ActiveCfg = Debug|Any CPU
		{F33D4243-57CF-4F3B-BA66-A0AE0E7070B1}.Debug|Any CPU.Build.0 = Debug|Any CPU
		{F33D4243-57CF-4F3B-BA66-A0AE0E7070B1}.Release|Any CPU.ActiveCfg = Release|Any CPU
		{F33D4243-57CF-4F3B-BA66-A0AE0E7070B1}.Release|Any CPU.Build.0 = Release|Any CPU
		{A311BAB1-A99F-42BD-A15E-297B74F320CE}.Debug|Any CPU.ActiveCfg = Debug|Any CPU
		{A311BAB1-A99F-42BD-A15E-297B74F320CE}.Debug|Any CPU.Build.0 = Debug|Any CPU
		{A311BAB1-A99F-42BD-A15E-297B74F320CE}.Release|Any CPU.ActiveCfg = Release|Any CPU
		{A311BAB1-A99F-42BD-A15E-297B74F320CE}.Release|Any CPU.Build.0 = Release|Any CPU
		{D3C9EE0D-4E78-463D-8A46-9AFA9B5FAEBA}.Debug|Any CPU.ActiveCfg = Debug|Any CPU
		{D3C9EE0D-4E78-463D-8A46-9AFA9B5FAEBA}.Debug|Any CPU.Build.0 = Debug|Any CPU
		{D3C9EE0D-4E78-463D-8A46-9AFA9B5FAEBA}.Release|Any CPU.ActiveCfg = Release|Any CPU
		{D3C9EE0D-4E78-463D-8A46-9AFA9B5FAEBA}.Release|Any CPU.Build.0 = Release|Any CPU
	EndGlobalSection
	GlobalSection(SolutionProperties) = preSolution
		HideSolutionNode = FALSE
	EndGlobalSection
	GlobalSection(ExtensibilityGlobals) = postSolution
		SolutionGuid = {53B2EC92-1C63-40F9-962A-6B699D43B694}
	EndGlobalSection
EndGlobal
